// !$*UTF8*$!
{
	archiveVersion = 1;
	classes = {
	};
	objectVersion = 56;
	objects = {

/* Begin PBXBuildFile section */
		84CD8E382B397C6300B5FBB8 /* AppDelegate.swift in Sources */ = {isa = PBXBuildFile; fileRef = 84CD8E372B397C6300B5FBB8 /* AppDelegate.swift */; };
		84CD8E3A2B397C6300B5FBB8 /* SceneDelegate.swift in Sources */ = {isa = PBXBuildFile; fileRef = 84CD8E392B397C6300B5FBB8 /* SceneDelegate.swift */; };
		84CD8E3F2B397C6300B5FBB8 /* Main.storyboard in Resources */ = {isa = PBXBuildFile; fileRef = 84CD8E3D2B397C6300B5FBB8 /* Main.storyboard */; };
		84CD8E412B397C6400B5FBB8 /* Assets.xcassets in Resources */ = {isa = PBXBuildFile; fileRef = 84CD8E402B397C6400B5FBB8 /* Assets.xcassets */; };
		84CD8E4D2B397D3E00B5FBB8 /* SecondViewController.swift in Sources */ = {isa = PBXBuildFile; fileRef = 84CD8E4C2B397D3E00B5FBB8 /* SecondViewController.swift */; };
		84CD8E4F2B397E7000B5FBB8 /* FirstViewController.swift in Sources */ = {isa = PBXBuildFile; fileRef = 84CD8E4E2B397E7000B5FBB8 /* FirstViewController.swift */; };
		84CD8E522B398AD200B5FBB8 /* Movie.swift in Sources */ = {isa = PBXBuildFile; fileRef = 84CD8E512B398AD200B5FBB8 /* Movie.swift */; };
		84CD8E552B398B2800B5FBB8 /* Database.swift in Sources */ = {isa = PBXBuildFile; fileRef = 84CD8E542B398B2800B5FBB8 /* Database.swift */; };
		84E0EFBD2B3A74A9008D81C1 /* MyTableViewCell.swift in Sources */ = {isa = PBXBuildFile; fileRef = 84E0EFBB2B3A74A9008D81C1 /* MyTableViewCell.swift */; };
		84E0EFBE2B3A74A9008D81C1 /* MyTableViewCell.xib in Resources */ = {isa = PBXBuildFile; fileRef = 84E0EFBC2B3A74A9008D81C1 /* MyTableViewCell.xib */; };
		84E0EFC02B3A8169008D81C1 /* ThirdViewController.swift in Sources */ = {isa = PBXBuildFile; fileRef = 84E0EFBF2B3A8169008D81C1 /* ThirdViewController.swift */; };
		84E0EFC32B3A8C58008D81C1 /* MyCollectionViewCell.swift in Sources */ = {isa = PBXBuildFile; fileRef = 84E0EFC12B3A8C58008D81C1 /* MyCollectionViewCell.swift */; };
		84E0EFC42B3A8C58008D81C1 /* MyCollectionViewCell.xib in Resources */ = {isa = PBXBuildFile; fileRef = 84E0EFC22B3A8C58008D81C1 /* MyCollectionViewCell.xib */; };
		84E0EFC62B3AB9FD008D81C1 /* TableHeaderView.swift in Sources */ = {isa = PBXBuildFile; fileRef = 84E0EFC52B3AB9FD008D81C1 /* TableHeaderView.swift */; };
		84E0EFC82B3ABA15008D81C1 /* TableHeaderView.xib in Resources */ = {isa = PBXBuildFile; fileRef = 84E0EFC72B3ABA15008D81C1 /* TableHeaderView.xib */; };
/* End PBXBuildFile section */

/* Begin PBXFileReference section */
		84CD8E342B397C6300B5FBB8 /* demoTuan2.app */ = {isa = PBXFileReference; explicitFileType = wrapper.application; includeInIndex = 0; path = demoTuan2.app; sourceTree = BUILT_PRODUCTS_DIR; };
		84CD8E372B397C6300B5FBB8 /* AppDelegate.swift */ = {isa = PBXFileReference; lastKnownFileType = sourcecode.swift; path = AppDelegate.swift; sourceTree = "<group>"; };
		84CD8E392B397C6300B5FBB8 /* SceneDelegate.swift */ = {isa = PBXFileReference; lastKnownFileType = sourcecode.swift; path = SceneDelegate.swift; sourceTree = "<group>"; };
		84CD8E3E2B397C6300B5FBB8 /* Base */ = {isa = PBXFileReference; lastKnownFileType = file.storyboard; name = Base; path = Base.lproj/Main.storyboard; sourceTree = "<group>"; };
		84CD8E402B397C6400B5FBB8 /* Assets.xcassets */ = {isa = PBXFileReference; lastKnownFileType = folder.assetcatalog; path = Assets.xcassets; sourceTree = "<group>"; };
		84CD8E452B397C6400B5FBB8 /* Info.plist */ = {isa = PBXFileReference; lastKnownFileType = text.plist.xml; path = Info.plist; sourceTree = "<group>"; };
		84CD8E4C2B397D3E00B5FBB8 /* SecondViewController.swift */ = {isa = PBXFileReference; lastKnownFileType = sourcecode.swift; path = SecondViewController.swift; sourceTree = "<group>"; };
		84CD8E4E2B397E7000B5FBB8 /* FirstViewController.swift */ = {isa = PBXFileReference; lastKnownFileType = sourcecode.swift; path = FirstViewController.swift; sourceTree = "<group>"; };
		84CD8E512B398AD200B5FBB8 /* Movie.swift */ = {isa = PBXFileReference; lastKnownFileType = sourcecode.swift; path = Movie.swift; sourceTree = "<group>"; };
		84CD8E542B398B2800B5FBB8 /* Database.swift */ = {isa = PBXFileReference; lastKnownFileType = sourcecode.swift; path = Database.swift; sourceTree = "<group>"; };
		84E0EFBB2B3A74A9008D81C1 /* MyTableViewCell.swift */ = {isa = PBXFileReference; lastKnownFileType = sourcecode.swift; path = MyTableViewCell.swift; sourceTree = "<group>"; };
		84E0EFBC2B3A74A9008D81C1 /* MyTableViewCell.xib */ = {isa = PBXFileReference; lastKnownFileType = file.xib; path = MyTableViewCell.xib; sourceTree = "<group>"; };
		84E0EFBF2B3A8169008D81C1 /* ThirdViewController.swift */ = {isa = PBXFileReference; lastKnownFileType = sourcecode.swift; path = ThirdViewController.swift; sourceTree = "<group>"; };
		84E0EFC12B3A8C58008D81C1 /* MyCollectionViewCell.swift */ = {isa = PBXFileReference; lastKnownFileType = sourcecode.swift; path = MyCollectionViewCell.swift; sourceTree = "<group>"; };
		84E0EFC22B3A8C58008D81C1 /* MyCollectionViewCell.xib */ = {isa = PBXFileReference; lastKnownFileType = file.xib; path = MyCollectionViewCell.xib; sourceTree = "<group>"; };
		84E0EFC52B3AB9FD008D81C1 /* TableHeaderView.swift */ = {isa = PBXFileReference; lastKnownFileType = sourcecode.swift; path = TableHeaderView.swift; sourceTree = "<group>"; };
		84E0EFC72B3ABA15008D81C1 /* TableHeaderView.xib */ = {isa = PBXFileReference; lastKnownFileType = file.xib; path = TableHeaderView.xib; sourceTree = "<group>"; };
/* End PBXFileReference section */

/* Begin PBXFrameworksBuildPhase section */
		84CD8E312B397C6300B5FBB8 /* Frameworks */ = {
			isa = PBXFrameworksBuildPhase;
			buildActionMask = 2147483647;
			files = (
			);
			runOnlyForDeploymentPostprocessing = 0;
		};
/* End PBXFrameworksBuildPhase section */

/* Begin PBXGroup section */
		84AD0B122B3C0A3700DB76DA /* Views */ = {
			isa = PBXGroup;
			children = (
				84E0EFBC2B3A74A9008D81C1 /* MyTableViewCell.xib */,
				84E0EFC22B3A8C58008D81C1 /* MyCollectionViewCell.xib */,
				84E0EFC72B3ABA15008D81C1 /* TableHeaderView.xib */,
				84CD8E3D2B397C6300B5FBB8 /* Main.storyboard */,
			);
			path = Views;
			sourceTree = "<group>";
		};
		84CD8E2B2B397C6300B5FBB8 = {
			isa = PBXGroup;
			children = (
				84CD8E362B397C6300B5FBB8 /* demoTuan2 */,
				84CD8E352B397C6300B5FBB8 /* Products */,
			);
			sourceTree = "<group>";
		};
		84CD8E352B397C6300B5FBB8 /* Products */ = {
			isa = PBXGroup;
			children = (
				84CD8E342B397C6300B5FBB8 /* demoTuan2.app */,
			);
			name = Products;
			sourceTree = "<group>";
		};
		84CD8E362B397C6300B5FBB8 /* demoTuan2 */ = {
			isa = PBXGroup;
			children = (
				84AD0B122B3C0A3700DB76DA /* Views */,
				84E0EFBA2B3A73A0008D81C1 /* Others */,
				84CD8E532B398B1600B5FBB8 /* DB */,
				84CD8E502B398AC200B5FBB8 /* Models */,
				84CD8E4B2B397D2700B5FBB8 /* Controllers */,
				84CD8E452B397C6400B5FBB8 /* Info.plist */,
			);
			path = demoTuan2;
			sourceTree = "<group>";
		};
		84CD8E4B2B397D2700B5FBB8 /* Controllers */ = {
			isa = PBXGroup;
			children = (
				84CD8E4E2B397E7000B5FBB8 /* FirstViewController.swift */,
				84CD8E4C2B397D3E00B5FBB8 /* SecondViewController.swift */,
				84E0EFBB2B3A74A9008D81C1 /* MyTableViewCell.swift */,
				84E0EFBF2B3A8169008D81C1 /* ThirdViewController.swift */,
				84E0EFC12B3A8C58008D81C1 /* MyCollectionViewCell.swift */,
				84E0EFC52B3AB9FD008D81C1 /* TableHeaderView.swift */,
			);
			path = Controllers;
			sourceTree = "<group>";
		};
		84CD8E502B398AC200B5FBB8 /* Models */ = {
			isa = PBXGroup;
			children = (
				84CD8E512B398AD200B5FBB8 /* Movie.swift */,
			);
			path = Models;
			sourceTree = "<group>";
		};
		84CD8E532B398B1600B5FBB8 /* DB */ = {
			isa = PBXGroup;
			children = (
				84CD8E542B398B2800B5FBB8 /* Database.swift */,
			);
			path = DB;
			sourceTree = "<group>";
		};
		84E0EFBA2B3A73A0008D81C1 /* Others */ = {
			isa = PBXGroup;
			children = (
				84CD8E372B397C6300B5FBB8 /* AppDelegate.swift */,
				84CD8E392B397C6300B5FBB8 /* SceneDelegate.swift */,
				84CD8E402B397C6400B5FBB8 /* Assets.xcassets */,
			);
			path = Others;
			sourceTree = "<group>";
		};
/* End PBXGroup section */

/* Begin PBXNativeTarget section */
		84CD8E332B397C6300B5FBB8 /* demoTuan2 */ = {
			isa = PBXNativeTarget;
			buildConfigurationList = 84CD8E482B397C6400B5FBB8 /* Build configuration list for PBXNativeTarget "demoTuan2" */;
			buildPhases = (
				84CD8E302B397C6300B5FBB8 /* Sources */,
				84CD8E312B397C6300B5FBB8 /* Frameworks */,
				84CD8E322B397C6300B5FBB8 /* Resources */,
			);
			buildRules = (
			);
			dependencies = (
			);
			name = demoTuan2;
			productName = demoTuan2;
			productReference = 84CD8E342B397C6300B5FBB8 /* demoTuan2.app */;
			productType = "com.apple.product-type.application";
		};
/* End PBXNativeTarget section */

/* Begin PBXProject section */
		84CD8E2C2B397C6300B5FBB8 /* Project object */ = {
			isa = PBXProject;
			attributes = {
				BuildIndependentTargetsInParallel = 1;
				LastSwiftUpdateCheck = 1430;
				LastUpgradeCheck = 1430;
				TargetAttributes = {
					84CD8E332B397C6300B5FBB8 = {
						CreatedOnToolsVersion = 14.3.1;
					};
				};
			};
			buildConfigurationList = 84CD8E2F2B397C6300B5FBB8 /* Build configuration list for PBXProject "demoTuan2" */;
			compatibilityVersion = "Xcode 14.0";
			developmentRegion = en;
			hasScannedForEncodings = 0;
			knownRegions = (
				en,
				Base,
			);
			mainGroup = 84CD8E2B2B397C6300B5FBB8;
			productRefGroup = 84CD8E352B397C6300B5FBB8 /* Products */;
			projectDirPath = "";
			projectRoot = "";
			targets = (
				84CD8E332B397C6300B5FBB8 /* demoTuan2 */,
			);
		};
/* End PBXProject section */

/* Begin PBXResourcesBuildPhase section */
		84CD8E322B397C6300B5FBB8 /* Resources */ = {
			isa = PBXResourcesBuildPhase;
			buildActionMask = 2147483647;
			files = (
				84CD8E412B397C6400B5FBB8 /* Assets.xcassets in Resources */,
				84E0EFBE2B3A74A9008D81C1 /* MyTableViewCell.xib in Resources */,
				84E0EFC42B3A8C58008D81C1 /* MyCollectionViewCell.xib in Resources */,
				84E0EFC82B3ABA15008D81C1 /* TableHeaderView.xib in Resources */,
				84CD8E3F2B397C6300B5FBB8 /* Main.storyboard in Resources */,
			);
			runOnlyForDeploymentPostprocessing = 0;
		};
/* End PBXResourcesBuildPhase section */

/* Begin PBXSourcesBuildPhase section */
		84CD8E302B397C6300B5FBB8 /* Sources */ = {
			isa = PBXSourcesBuildPhase;
			buildActionMask = 2147483647;
			files = (
				84E0EFC62B3AB9FD008D81C1 /* TableHeaderView.swift in Sources */,
				84E0EFBD2B3A74A9008D81C1 /* MyTableViewCell.swift in Sources */,
				84CD8E552B398B2800B5FBB8 /* Database.swift in Sources */,
				84E0EFC32B3A8C58008D81C1 /* MyCollectionViewCell.swift in Sources */,
				84CD8E4F2B397E7000B5FBB8 /* FirstViewController.swift in Sources */,
				84CD8E4D2B397D3E00B5FBB8 /* SecondViewController.swift in Sources */,
				84CD8E382B397C6300B5FBB8 /* AppDelegate.swift in Sources */,
				84CD8E3A2B397C6300B5FBB8 /* SceneDelegate.swift in Sources */,
				84E0EFC02B3A8169008D81C1 /* ThirdViewController.swift in Sources */,
				84CD8E522B398AD200B5FBB8 /* Movie.swift in Sources */,
			);
			runOnlyForDeploymentPostprocessing = 0;
		};
/* End PBXSourcesBuildPhase section */

/* Begin PBXVariantGroup section */
		84CD8E3D2B397C6300B5FBB8 /* Main.storyboard */ = {
			isa = PBXVariantGroup;
			children = (
				84CD8E3E2B397C6300B5FBB8 /* Base */,
			);
			name = Main.storyboard;
			sourceTree = "<group>";
		};
/* End PBXVariantGroup section */

/* Begin XCBuildConfiguration section */
		84CD8E462B397C6400B5FBB8 /* Debug */ = {
			isa = XCBuildConfiguration;
			buildSettings = {
				ALWAYS_SEARCH_USER_PATHS = NO;
				CLANG_ANALYZER_NONNULL = YES;
				CLANG_ANALYZER_NUMBER_OBJECT_CONVERSION = YES_AGGRESSIVE;
				CLANG_CXX_LANGUAGE_STANDARD = "gnu++20";
				CLANG_ENABLE_MODULES = YES;
				CLANG_ENABLE_OBJC_ARC = YES;
				CLANG_ENABLE_OBJC_WEAK = YES;
				CLANG_WARN_BLOCK_CAPTURE_AUTORELEASING = YES;
				CLANG_WARN_BOOL_CONVERSION = YES;
				CLANG_WARN_COMMA = YES;
				CLANG_WARN_CONSTANT_CONVERSION = YES;
				CLANG_WARN_DEPRECATED_OBJC_IMPLEMENTATIONS = YES;
				CLANG_WARN_DIRECT_OBJC_ISA_USAGE = YES_ERROR;
				CLANG_WARN_DOCUMENTATION_COMMENTS = YES;
				CLANG_WARN_EMPTY_BODY = YES;
				CLANG_WARN_ENUM_CONVERSION = YES;
				CLANG_WARN_INFINITE_RECURSION = YES;
				CLANG_WARN_INT_CONVERSION = YES;
				CLANG_WARN_NON_LITERAL_NULL_CONVERSION = YES;
				CLANG_WARN_OBJC_IMPLICIT_RETAIN_SELF = YES;
				CLANG_WARN_OBJC_LITERAL_CONVERSION = YES;
				CLANG_WARN_OBJC_ROOT_CLASS = YES_ERROR;
				CLANG_WARN_QUOTED_INCLUDE_IN_FRAMEWORK_HEADER = YES;
				CLANG_WARN_RANGE_LOOP_ANALYSIS = YES;
				CLANG_WARN_STRICT_PROTOTYPES = YES;
				CLANG_WARN_SUSPICIOUS_MOVE = YES;
				CLANG_WARN_UNGUARDED_AVAILABILITY = YES_AGGRESSIVE;
				CLANG_WARN_UNREACHABLE_CODE = YES;
				CLANG_WARN__DUPLICATE_METHOD_MATCH = YES;
				COPY_PHASE_STRIP = NO;
				DEBUG_INFORMATION_FORMAT = dwarf;
				ENABLE_STRICT_OBJC_MSGSEND = YES;
				ENABLE_TESTABILITY = YES;
				GCC_C_LANGUAGE_STANDARD = gnu11;
				GCC_DYNAMIC_NO_PIC = NO;
				GCC_NO_COMMON_BLOCKS = YES;
				GCC_OPTIMIZATION_LEVEL = 0;
				GCC_PREPROCESSOR_DEFINITIONS = (
					"DEBUG=1",
					"$(inherited)",
				);
				GCC_WARN_64_TO_32_BIT_CONVERSION = YES;
				GCC_WARN_ABOUT_RETURN_TYPE = YES_ERROR;
				GCC_WARN_UNDECLARED_SELECTOR = YES;
				GCC_WARN_UNINITIALIZED_AUTOS = YES_AGGRESSIVE;
				GCC_WARN_UNUSED_FUNCTION = YES;
				GCC_WARN_UNUSED_VARIABLE = YES;
				IPHONEOS_DEPLOYMENT_TARGET = 16.4;
				MTL_ENABLE_DEBUG_INFO = INCLUDE_SOURCE;
				MTL_FAST_MATH = YES;
				ONLY_ACTIVE_ARCH = YES;
				SDKROOT = iphoneos;
				SWIFT_ACTIVE_COMPILATION_CONDITIONS = DEBUG;
				SWIFT_OPTIMIZATION_LEVEL = "-Onone";
			};
			name = Debug;
		};
		84CD8E472B397C6400B5FBB8 /* Release */ = {
			isa = XCBuildConfiguration;
			buildSettings = {
				ALWAYS_SEARCH_USER_PATHS = NO;
				CLANG_ANALYZER_NONNULL = YES;
				CLANG_ANALYZER_NUMBER_OBJECT_CONVERSION = YES_AGGRESSIVE;
				CLANG_CXX_LANGUAGE_STANDARD = "gnu++20";
				CLANG_ENABLE_MODULES = YES;
				CLANG_ENABLE_OBJC_ARC = YES;
				CLANG_ENABLE_OBJC_WEAK = YES;
				CLANG_WARN_BLOCK_CAPTURE_AUTORELEASING = YES;
				CLANG_WARN_BOOL_CONVERSION = YES;
				CLANG_WARN_COMMA = YES;
				CLANG_WARN_CONSTANT_CONVERSION = YES;
				CLANG_WARN_DEPRECATED_OBJC_IMPLEMENTATIONS = YES;
				CLANG_WARN_DIRECT_OBJC_ISA_USAGE = YES_ERROR;
				CLANG_WARN_DOCUMENTATION_COMMENTS = YES;
				CLANG_WARN_EMPTY_BODY = YES;
				CLANG_WARN_ENUM_CONVERSION = YES;
				CLANG_WARN_INFINITE_RECURSION = YES;
				CLANG_WARN_INT_CONVERSION = YES;
				CLANG_WARN_NON_LITERAL_NULL_CONVERSION = YES;
				CLANG_WARN_OBJC_IMPLICIT_RETAIN_SELF = YES;
				CLANG_WARN_OBJC_LITERAL_CONVERSION = YES;
				CLANG_WARN_OBJC_ROOT_CLASS = YES_ERROR;
				CLANG_WARN_QUOTED_INCLUDE_IN_FRAMEWORK_HEADER = YES;
				CLANG_WARN_RANGE_LOOP_ANALYSIS = YES;
				CLANG_WARN_STRICT_PROTOTYPES = YES;
				CLANG_WARN_SUSPICIOUS_MOVE = YES;
				CLANG_WARN_UNGUARDED_AVAILABILITY = YES_AGGRESSIVE;
				CLANG_WARN_UNREACHABLE_CODE = YES;
				CLANG_WARN__DUPLICATE_METHOD_MATCH = YES;
				COPY_PHASE_STRIP = NO;
				DEBUG_INFORMATION_FORMAT = "dwarf-with-dsym";
				ENABLE_NS_ASSERTIONS = NO;
				ENABLE_STRICT_OBJC_MSGSEND = YES;
				GCC_C_LANGUAGE_STANDARD = gnu11;
				GCC_NO_COMMON_BLOCKS = YES;
				GCC_WARN_64_TO_32_BIT_CONVERSION = YES;
				GCC_WARN_ABOUT_RETURN_TYPE = YES_ERROR;
				GCC_WARN_UNDECLARED_SELECTOR = YES;
				GCC_WARN_UNINITIALIZED_AUTOS = YES_AGGRESSIVE;
				GCC_WARN_UNUSED_FUNCTION = YES;
				GCC_WARN_UNUSED_VARIABLE = YES;
				IPHONEOS_DEPLOYMENT_TARGET = 16.4;
				MTL_ENABLE_DEBUG_INFO = NO;
				MTL_FAST_MATH = YES;
				SDKROOT = iphoneos;
				SWIFT_COMPILATION_MODE = wholemodule;
				SWIFT_OPTIMIZATION_LEVEL = "-O";
				VALIDATE_PRODUCT = YES;
			};
			name = Release;
		};
		84CD8E492B397C6400B5FBB8 /* Debug */ = {
			isa = XCBuildConfiguration;
			buildSettings = {
				ASSETCATALOG_COMPILER_APPICON_NAME = AppIcon;
				ASSETCATALOG_COMPILER_GLOBAL_ACCENT_COLOR_NAME = AccentColor;
				CODE_SIGN_STYLE = Automatic;
				CURRENT_PROJECT_VERSION = 1;
				GENERATE_INFOPLIST_FILE = YES;
				INFOPLIST_FILE = demoTuan2/Info.plist;
				INFOPLIST_KEY_UIApplicationSupportsIndirectInputEvents = YES;
				INFOPLIST_KEY_UILaunchStoryboardName = LaunchScreen;
				INFOPLIST_KEY_UIMainStoryboardFile = Main;
				INFOPLIST_KEY_UISupportedInterfaceOrientations_iPad = "UIInterfaceOrientationPortrait UIInterfaceOrientationPortraitUpsideDown UIInterfaceOrientationLandscapeLeft UIInterfaceOrientationLandscapeRight";
				INFOPLIST_KEY_UISupportedInterfaceOrientations_iPhone = "UIInterfaceOrientationPortrait UIInterfaceOrientationLandscapeLeft UIInterfaceOrientationLandscapeRight";
				LD_RUNPATH_SEARCH_PATHS = (
					"$(inherited)",
					"@executable_path/Frameworks",
				);
				MARKETING_VERSION = 1.0;
				PRODUCT_BUNDLE_IDENTIFIER = ducdo.demoTuan2;
				PRODUCT_NAME = "$(TARGET_NAME)";
				SWIFT_EMIT_LOC_STRINGS = YES;
				SWIFT_VERSION = 5.0;
				TARGETED_DEVICE_FAMILY = "1,2";
			};
			name = Debug;
		};
		84CD8E4A2B397C6400B5FBB8 /* Release */ = {
			isa = XCBuildConfiguration;
			buildSettings = {
				ASSETCATALOG_COMPILER_APPICON_NAME = AppIcon;
				ASSETCATALOG_COMPILER_GLOBAL_ACCENT_COLOR_NAME = AccentColor;
				CODE_SIGN_STYLE = Automatic;
				CURRENT_PROJECT_VERSION = 1;
				GENERATE_INFOPLIST_FILE = YES;
				INFOPLIST_FILE = demoTuan2/Info.plist;
				INFOPLIST_KEY_UIApplicationSupportsIndirectInputEvents = YES;
				INFOPLIST_KEY_UILaunchStoryboardName = LaunchScreen;
				INFOPLIST_KEY_UIMainStoryboardFile = Main;
				INFOPLIST_KEY_UISupportedInterfaceOrientations_iPad = "UIInterfaceOrientationPortrait UIInterfaceOrientationPortraitUpsideDown UIInterfaceOrientationLandscapeLeft UIInterfaceOrientationLandscapeRight";
				INFOPLIST_KEY_UISupportedInterfaceOrientations_iPhone = "UIInterfaceOrientationPortrait UIInterfaceOrientationLandscapeLeft UIInterfaceOrientationLandscapeRight";
				LD_RUNPATH_SEARCH_PATHS = (
					"$(inherited)",
					"@executable_path/Frameworks",
				);
				MARKETING_VERSION = 1.0;
				PRODUCT_BUNDLE_IDENTIFIER = ducdo.demoTuan2;
				PRODUCT_NAME = "$(TARGET_NAME)";
				SWIFT_EMIT_LOC_STRINGS = YES;
				SWIFT_VERSION = 5.0;
				TARGETED_DEVICE_FAMILY = "1,2";
			};
			name = Release;
		};
/* End XCBuildConfiguration section */

/* Begin XCConfigurationList section */
		84CD8E2F2B397C6300B5FBB8 /* Build configuration list for PBXProject "demoTuan2" */ = {
			isa = XCConfigurationList;
			buildConfigurations = (
				84CD8E462B397C6400B5FBB8 /* Debug */,
				84CD8E472B397C6400B5FBB8 /* Release */,
			);
			defaultConfigurationIsVisible = 0;
			defaultConfigurationName = Release;
		};
		84CD8E482B397C6400B5FBB8 /* Build configuration list for PBXNativeTarget "demoTuan2" */ = {
			isa = XCConfigurationList;
			buildConfigurations = (
				84CD8E492B397C6400B5FBB8 /* Debug */,
				84CD8E4A2B397C6400B5FBB8 /* Release */,
			);
			defaultConfigurationIsVisible = 0;
			defaultConfigurationName = Release;
		};
/* End XCConfigurationList section */
	};
	rootObject = 84CD8E2C2B397C6300B5FBB8 /* Project object */;
}
